Microsoft Visual Studio Solution File, Format Version 12.00
# Visual Studio 2013
VisualStudioVersion = 12.0.21005.1
MinimumVisualStudioVersion = 10.0.40219.1
Project("{2150E333-8FDC-42A3-9474-1A3956D46DE8}") = "VipSoft Framework", "VipSoft Framework", "{2C516233-C75A-4D5B-99B9-34F6D3C1ADB3}"
EndProject
Project("{2150E333-8FDC-42A3-9474-1A3956D46DE8}") = "Demo", "Demo", "{B048D294-A98C-4279-B2CB-9253ABD6F7FB}"
EndProject
Project("{FAE04EC0-301F-11D3-BF4B-00C04F79EFBC}") = "VipSoft.CMS.Service", "VipSoft.CMS.Service\VipSoft.CMS.Service.csproj", "{F978C94A-993E-4243-A158-F881A3243EB0}"
EndProject
Project("{FAE04EC0-301F-11D3-BF4B-00C04F79EFBC}") = "VipSoft.CMS.Dao", "VipSoft.CMS.Dao\VipSoft.CMS.Dao.csproj", "{82B20CFA-6079-4F1D-92B7-61FC96273746}"
EndProject
Project("{FAE04EC0-301F-11D3-BF4B-00C04F79EFBC}") = "VipSoft.CMS.Core", "VipSoft.CMS.Core\VipSoft.CMS.Core.csproj", "{C34B2A04-A55D-47A0-A19B-C06AD6ED2477}"
EndProject
Project("{FAE04EC0-301F-11D3-BF4B-00C04F79EFBC}") = "VipSoft.Core", "VipSoft.Core\VipSoft.Core.csproj", "{2AF7F54C-9BC5-4AE9-A579-F19C7B107F96}"
EndProject
Project("{FAE04EC0-301F-11D3-BF4B-00C04F79EFBC}") = "VipSoft.Data", "VipSoft.Data\VipSoft.Data.csproj", "{CE633BE4-06CA-4C17-B809-D48713B5A037}"
EndProject
Project("{FAE04EC0-301F-11D3-BF4B-00C04F79EFBC}") = "VipSoft.Demo", "..\Demo\Web\VipSoft.Demo.csproj", "{FA82EEC2-A00A-4B96-83EC-755B4B0182B3}"
EndProject
Project("{FAE04EC0-301F-11D3-BF4B-00C04F79EFBC}") = "FastReflection", "FastReflection\FastReflection.csproj", "{B94E2A5F-28B3-44E7-882C-F7CF13E510AC}"
EndProject
Project("{FAE04EC0-301F-11D3-BF4B-00C04F79EFBC}") = "VipSoft.WebControls", "VipSoft.WebControls\VipSoft.WebControls.csproj", "{8DB6E182-0AF5-45D9-9068-C6883A3A4C27}"
EndProject
Project("{FAE04EC0-301F-11D3-BF4B-00C04F79EFBC}") = "VipSoft.WebUtility", "VipSoft.WebUtility\VipSoft.WebUtility.csproj", "{4D437D12-3ABA-4064-8BF5-53A126D543CD}"
EndProject
Project("{FAE04EC0-301F-11D3-BF4B-00C04F79EFBC}") = "MvcPager", "MvcPager\MvcPager.csproj", "{4BA9F10C-67B7-4CD6-87B1-0519ADBCA2A1}"
EndProject
Project("{FAE04EC0-301F-11D3-BF4B-00C04F79EFBC}") = "VipSoft.Membership.Core", "VipSoft.Membership.Core\VipSoft.Membership.Core.csproj", "{9BBC620F-CAD0-46B3-867E-7E6BA551176B}"
EndProject
Project("{FAE04EC0-301F-11D3-BF4B-00C04F79EFBC}") = "VipSoft.Membership.Dao", "VipSoft.Membership.Dao\VipSoft.Membership.Dao.csproj", "{66DCEF23-D743-417A-999C-F275F5AC8FEB}"
EndProject
Project("{FAE04EC0-301F-11D3-BF4B-00C04F79EFBC}") = "VipSoft.Membership.Service", "VipSoft.Membership.Service\VipSoft.Membership.Service.csproj", "{7FB1798B-F944-49F4-9630-16047B433E26}"
EndProject
Project("{FAE04EC0-301F-11D3-BF4B-00C04F79EFBC}") = "VipSoft.CMS.Controllers", "VipSoft.CMS.Controllers\VipSoft.CMS.Controllers.csproj", "{65FC4F4E-737D-44F1-85CB-BBCCF9014332}"
EndProject
Project("{FAE04EC0-301F-11D3-BF4B-00C04F79EFBC}") = "Demo", "..\Demo\AdminDemo\Demo\Demo.csproj", "{6DDC8FFC-2671-4786-BB2E-678BB1D24A5E}"
EndProject
Project("{FAE04EC0-301F-11D3-BF4B-00C04F79EFBC}") = "VipSoft.Service", "VipSoft.Service\VipSoft.Service.csproj", "{5127591A-90FD-4718-810C-3BCB2D8FFD7D}"
EndProject
Project("{FAE04EC0-301F-11D3-BF4B-00C04F79EFBC}") = "VipSoft.CMS.Web", "VipSoft.Web\VipSoft.CMS.Web.csproj", "{534AFA07-6E08-4DD2-8A2C-8115F70B38EC}"
EndProject
Project("{FAE04EC0-301F-11D3-BF4B-00C04F79EFBC}") = "VipSoft.Web", "VipSoft.Web\VipSoft.Web.csproj", "{7D66696D-68A6-4C68-8828-FE9FDDA28CC6}"
EndProject
Global
	GlobalSection(SolutionConfigurationPlatforms) = preSolution
		Debug|Any CPU = Debug|Any CPU
		Release|Any CPU = Release|Any CPU
	EndGlobalSection
	GlobalSection(ProjectConfigurationPlatforms) = postSolution
		{F978C94A-993E-4243-A158-F881A3243EB0}.Debug|Any CPU.ActiveCfg = Debug|Any CPU
		{F978C94A-993E-4243-A158-F881A3243EB0}.Debug|Any CPU.Build.0 = Debug|Any CPU
		{F978C94A-993E-4243-A158-F881A3243EB0}.Release|Any CPU.ActiveCfg = Release|Any CPU
		{F978C94A-993E-4243-A158-F881A3243EB0}.Release|Any CPU.Build.0 = Release|Any CPU
		{82B20CFA-6079-4F1D-92B7-61FC96273746}.Debug|Any CPU.ActiveCfg = Debug|Any CPU
		{82B20CFA-6079-4F1D-92B7-61FC96273746}.Debug|Any CPU.Build.0 = Debug|Any CPU
		{82B20CFA-6079-4F1D-92B7-61FC96273746}.Release|Any CPU.ActiveCfg = Release|Any CPU
		{82B20CFA-6079-4F1D-92B7-61FC96273746}.Release|Any CPU.Build.0 = Release|Any CPU
		{C34B2A04-A55D-47A0-A19B-C06AD6ED2477}.Debug|Any CPU.ActiveCfg = Debug|Any CPU
		{C34B2A04-A55D-47A0-A19B-C06AD6ED2477}.Debug|Any CPU.Build.0 = Debug|Any CPU
		{C34B2A04-A55D-47A0-A19B-C06AD6ED2477}.Release|Any CPU.ActiveCfg = Release|Any CPU
		{C34B2A04-A55D-47A0-A19B-C06AD6ED2477}.Release|Any CPU.Build.0 = Release|Any CPU
		{2AF7F54C-9BC5-4AE9-A579-F19C7B107F96}.Debug|Any CPU.ActiveCfg = Debug|Any CPU
		{2AF7F54C-9BC5-4AE9-A579-F19C7B107F96}.Debug|Any CPU.Build.0 = Debug|Any CPU
		{2AF7F54C-9BC5-4AE9-A579-F19C7B107F96}.Release|Any CPU.ActiveCfg = Release|Any CPU
		{2AF7F54C-9BC5-4AE9-A579-F19C7B107F96}.Release|Any CPU.Build.0 = Release|Any CPU
		{CE633BE4-06CA-4C17-B809-D48713B5A037}.Debug|Any CPU.ActiveCfg = Debug|Any CPU
		{CE633BE4-06CA-4C17-B809-D48713B5A037}.Debug|Any CPU.Build.0 = Debug|Any CPU
		{CE633BE4-06CA-4C17-B809-D48713B5A037}.Release|Any CPU.ActiveCfg = Release|Any CPU
		{CE633BE4-06CA-4C17-B809-D48713B5A037}.Release|Any CPU.Build.0 = Release|Any CPU
		{FA82EEC2-A00A-4B96-83EC-755B4B0182B3}.Debug|Any CPU.ActiveCfg = Debug|Any CPU
		{FA82EEC2-A00A-4B96-83EC-755B4B0182B3}.Debug|Any CPU.Build.0 = Debug|Any CPU
		{FA82EEC2-A00A-4B96-83EC-755B4B0182B3}.Release|Any CPU.ActiveCfg = Release|Any CPU
		{FA82EEC2-A00A-4B96-83EC-755B4B0182B3}.Release|Any CPU.Build.0 = Release|Any CPU
		{B94E2A5F-28B3-44E7-882C-F7CF13E510AC}.Debug|Any CPU.ActiveCfg = Debug|Any CPU
		{B94E2A5F-28B3-44E7-882C-F7CF13E510AC}.Debug|Any CPU.Build.0 = Debug|Any CPU
		{B94E2A5F-28B3-44E7-882C-F7CF13E510AC}.Release|Any CPU.ActiveCfg = Release|Any CPU
		{B94E2A5F-28B3-44E7-882C-F7CF13E510AC}.Release|Any CPU.Build.0 = Release|Any CPU
		{8DB6E182-0AF5-45D9-9068-C6883A3A4C27}.Debug|Any CPU.ActiveCfg = Debug|Any CPU
		{8DB6E182-0AF5-45D9-9068-C6883A3A4C27}.Debug|Any CPU.Build.0 = Debug|Any CPU
		{8DB6E182-0AF5-45D9-9068-C6883A3A4C27}.Release|Any CPU.ActiveCfg = Release|Any CPU
		{8DB6E182-0AF5-45D9-9068-C6883A3A4C27}.Release|Any CPU.Build.0 = Release|Any CPU
		{4D437D12-3ABA-4064-8BF5-53A126D543CD}.Debug|Any CPU.ActiveCfg = Debug|Any CPU
		{4D437D12-3ABA-4064-8BF5-53A126D543CD}.Debug|Any CPU.Build.0 = Debug|Any CPU
		{4D437D12-3ABA-4064-8BF5-53A126D543CD}.Release|Any CPU.ActiveCfg = Release|Any CPU
		{4D437D12-3ABA-4064-8BF5-53A126D543CD}.Release|Any CPU.Build.0 = Release|Any CPU
		{4BA9F10C-67B7-4CD6-87B1-0519ADBCA2A1}.Debug|Any CPU.ActiveCfg = Debug|Any CPU
		{4BA9F10C-67B7-4CD6-87B1-0519ADBCA2A1}.Debug|Any CPU.Build.0 = Debug|Any CPU
		{4BA9F10C-67B7-4CD6-87B1-0519ADBCA2A1}.Release|Any CPU.ActiveCfg = Release|Any CPU
		{4BA9F10C-67B7-4CD6-87B1-0519ADBCA2A1}.Release|Any CPU.Build.0 = Release|Any CPU
		{9BBC620F-CAD0-46B3-867E-7E6BA551176B}.Debug|Any CPU.ActiveCfg = Debug|Any CPU
		{9BBC620F-CAD0-46B3-867E-7E6BA551176B}.Debug|Any CPU.Build.0 = Debug|Any CPU
		{9BBC620F-CAD0-46B3-867E-7E6BA551176B}.Release|Any CPU.ActiveCfg = Release|Any CPU
		{9BBC620F-CAD0-46B3-867E-7E6BA551176B}.Release|Any CPU.Build.0 = Release|Any CPU
		{66DCEF23-D743-417A-999C-F275F5AC8FEB}.Debug|Any CPU.ActiveCfg = Debug|Any CPU
		{66DCEF23-D743-417A-999C-F275F5AC8FEB}.Debug|Any CPU.Build.0 = Debug|Any CPU
		{66DCEF23-D743-417A-999C-F275F5AC8FEB}.Release|Any CPU.ActiveCfg = Release|Any CPU
		{66DCEF23-D743-417A-999C-F275F5AC8FEB}.Release|Any CPU.Build.0 = Release|Any CPU
		{7FB1798B-F944-49F4-9630-16047B433E26}.Debug|Any CPU.ActiveCfg = Debug|Any CPU
		{7FB1798B-F944-49F4-9630-16047B433E26}.Debug|Any CPU.Build.0 = Debug|Any CPU
		{7FB1798B-F944-49F4-9630-16047B433E26}.Release|Any CPU.ActiveCfg = Release|Any CPU
		{7FB1798B-F944-49F4-9630-16047B433E26}.Release|Any CPU.Build.0 = Release|Any CPU
		{65FC4F4E-737D-44F1-85CB-BBCCF9014332}.Debug|Any CPU.ActiveCfg = Debug|Any CPU
		{65FC4F4E-737D-44F1-85CB-BBCCF9014332}.Debug|Any CPU.Build.0 = Debug|Any CPU
		{65FC4F4E-737D-44F1-85CB-BBCCF9014332}.Release|Any CPU.ActiveCfg = Release|Any CPU
		{65FC4F4E-737D-44F1-85CB-BBCCF9014332}.Release|Any CPU.Build.0 = Release|Any CPU
		{6DDC8FFC-2671-4786-BB2E-678BB1D24A5E}.Debug|Any CPU.ActiveCfg = Debug|Any CPU
		{6DDC8FFC-2671-4786-BB2E-678BB1D24A5E}.Debug|Any CPU.Build.0 = Debug|Any CPU
		{6DDC8FFC-2671-4786-BB2E-678BB1D24A5E}.Release|Any CPU.ActiveCfg = Release|Any CPU
		{6DDC8FFC-2671-4786-BB2E-678BB1D24A5E}.Release|Any CPU.Build.0 = Release|Any CPU
		{5127591A-90FD-4718-810C-3BCB2D8FFD7D}.Debug|Any CPU.ActiveCfg = Debug|Any CPU
		{5127591A-90FD-4718-810C-3BCB2D8FFD7D}.Debug|Any CPU.Build.0 = Debug|Any CPU
		{5127591A-90FD-4718-810C-3BCB2D8FFD7D}.Release|Any CPU.ActiveCfg = Release|Any CPU
		{5127591A-90FD-4718-810C-3BCB2D8FFD7D}.Release|Any CPU.Build.0 = Release|Any CPU
		{534AFA07-6E08-4DD2-8A2C-8115F70B38EC}.Debug|Any CPU.ActiveCfg = Debug|Any CPU
		{534AFA07-6E08-4DD2-8A2C-8115F70B38EC}.Debug|Any CPU.Build.0 = Debug|Any CPU
		{534AFA07-6E08-4DD2-8A2C-8115F70B38EC}.Release|Any CPU.ActiveCfg = Release|Any CPU
		{534AFA07-6E08-4DD2-8A2C-8115F70B38EC}.Release|Any CPU.Build.0 = Release|Any CPU
		{7D66696D-68A6-4C68-8828-FE9FDDA28CC6}.Debug|Any CPU.ActiveCfg = Debug|Any CPU
		{7D66696D-68A6-4C68-8828-FE9FDDA28CC6}.Debug|Any CPU.Build.0 = Debug|Any CPU
		{7D66696D-68A6-4C68-8828-FE9FDDA28CC6}.Release|Any CPU.ActiveCfg = Release|Any CPU
		{7D66696D-68A6-4C68-8828-FE9FDDA28CC6}.Release|Any CPU.Build.0 = Release|Any CPU
	EndGlobalSection
	GlobalSection(SolutionProperties) = preSolution
		HideSolutionNode = FALSE
	EndGlobalSection
	GlobalSection(NestedProjects) = preSolution
		{2AF7F54C-9BC5-4AE9-A579-F19C7B107F96} = {2C516233-C75A-4D5B-99B9-34F6D3C1ADB3}
		{CE633BE4-06CA-4C17-B809-D48713B5A037} = {2C516233-C75A-4D5B-99B9-34F6D3C1ADB3}
		{B94E2A5F-28B3-44E7-882C-F7CF13E510AC} = {2C516233-C75A-4D5B-99B9-34F6D3C1ADB3}
		{8DB6E182-0AF5-45D9-9068-C6883A3A4C27} = {2C516233-C75A-4D5B-99B9-34F6D3C1ADB3}
		{4D437D12-3ABA-4064-8BF5-53A126D543CD} = {2C516233-C75A-4D5B-99B9-34F6D3C1ADB3}
		{4BA9F10C-67B7-4CD6-87B1-0519ADBCA2A1} = {2C516233-C75A-4D5B-99B9-34F6D3C1ADB3}
		{5127591A-90FD-4718-810C-3BCB2D8FFD7D} = {2C516233-C75A-4D5B-99B9-34F6D3C1ADB3}
		{FA82EEC2-A00A-4B96-83EC-755B4B0182B3} = {B048D294-A98C-4279-B2CB-9253ABD6F7FB}
		{6DDC8FFC-2671-4786-BB2E-678BB1D24A5E} = {B048D294-A98C-4279-B2CB-9253ABD6F7FB}
	EndGlobalSection
EndGlobal
